
Microsoft Visual Studio Solution File, Format Version 12.00
# Visual Studio Version 17
VisualStudioVersion = 17.6.33829.357
MinimumVisualStudioVersion = 10.0.40219.1
Project("{9A19103F-16F7-4668-BE54-9A1E7A4F7556}") = "Github.Webhook", "src\Github.Webhook\Github.Webhook.csproj", "{DF6707F2-3713-4DF0-AA9C-FD9C7E753BE2}"
EndProject
Project("{FAE04EC0-301F-11D3-BF4B-00C04F79EFBC}") = "Github.Webhook.Tests", "src\Github.Webhook.Tests\Github.Webhook.Tests.csproj", "{86483AFC-E2EA-40B1-944D-C1F5CFA7FA6E}"
EndProject
Global
	GlobalSection(SolutionConfigurationPlatforms) = preSolution
		Debug|Any CPU = Debug|Any CPU
		Release|Any CPU = Release|Any CPU
	EndGlobalSection
	GlobalSection(ProjectConfigurationPlatforms) = postSolution
		{DF6707F2-3713-4DF0-AA9C-FD9C7E753BE2}.Debug|Any CPU.ActiveCfg = Debug|Any CPU
		{DF6707F2-3713-4DF0-AA9C-FD9C7E753BE2}.Debug|Any CPU.Build.0 = Debug|Any CPU
		{DF6707F2-3713-4DF0-AA9C-FD9C7E753BE2}.Release|Any CPU.ActiveCfg = Release|Any CPU
		{DF6707F2-3713-4DF0-AA9C-FD9C7E753BE2}.Release|Any CPU.Build.0 = Release|Any CPU
		{86483AFC-E2EA-40B1-944D-C1F5CFA7FA6E}.Debug|Any CPU.ActiveCfg = Debug|Any CPU
		{86483AFC-E2EA-40B1-944D-C1F5CFA7FA6E}.Debug|Any CPU.Build.0 = Debug|Any CPU
		{86483AFC-E2EA-40B1-944D-C1F5CFA7FA6E}.Release|Any CPU.ActiveCfg = Release|Any CPU
		{86483AFC-E2EA-40B1-944D-C1F5CFA7FA6E}.Release|Any CPU.Build.0 = Release|Any CPU
	EndGlobalSection
	GlobalSection(SolutionProperties) = preSolution
		HideSolutionNode = FALSE
	EndGlobalSection
	GlobalSection(ExtensibilityGlobals) = postSolution
		SolutionGuid = {17FE2F84-B189-459C-9962-D04ED4BC23CF}
	EndGlobalSection
EndGlobal
